
Microsoft Visual Studio Solution File, Format Version 12.00
# Visual Studio Version 17
VisualStudioVersion = 17.8.34330.188
MinimumVisualStudioVersion = 10.0.40219.1
Project("{FAE04EC0-301F-11D3-BF4B-00C04F79EFBC}") = "BasicAPI", "BasicAPI\BasicAPI.csproj", "{29B3ABC2-8719-4101-9076-34A2B54861B2}"
EndProject
Global
	GlobalSection(SolutionConfigurationPlatforms) = preSolution
		Debug|Any CPU = Debug|Any CPU
		Release|Any CPU = Release|Any CPU
	EndGlobalSection
	GlobalSection(ProjectConfigurationPlatforms) = postSolution
		{29B3ABC2-8719-4101-9076-34A2B54861B2}.Debug|Any CPU.ActiveCfg = Debug|Any CPU
		{29B3ABC2-8719-4101-9076-34A2B54861B2}.Debug|Any CPU.Build.0 = Debug|Any CPU
		{29B3ABC2-8719-4101-9076-34A2B54861B2}.Release|Any CPU.ActiveCfg = Release|Any CPU
		{29B3ABC2-8719-4101-9076-34A2B54861B2}.Release|Any CPU.Build.0 = Release|Any CPU
	EndGlobalSection
	GlobalSection(SolutionProperties) = preSolution
		HideSolutionNode = FALSE
	EndGlobalSection
	GlobalSection(ExtensibilityGlobals) = postSolution
		SolutionGuid = {C6DB99C3-1B4F-4E0E-AC14-ABC5BEA94789}
	EndGlobalSection
EndGlobal
